<?xml version="1.0" encoding="utf-8"?>
<Project ToolsVersion="4.0" xmlns="http://schemas.microsoft.com/developer/msbuild/2003">
  <ItemGroup>
    <Filter Include="Source Files">
      <UniqueIdentifier>{4FC737F1-C7A5-4376-A066-2A32D752A2FF}</UniqueIdentifier>
      <Extensions>cpp;c;cc;cxx</Extensions>
    </Filter>
    <Filter Include="Header Files">
      <UniqueIdentifier>{93995380-89BD-4b04-88EB-625FBE52EBFB}</UniqueIdentifier>
      <Extensions>h;hh;hpp;hxx</Extensions>
    </Filter>
  </ItemGroup>
  <ItemGroup>
    <ClCompile Include="main.cpp">
      <Filter>Source Files</Filter>
    </ClCompile>
    <ClCompile Include="texture.cpp">
      <Filter>Source Files</Filter>
    </ClCompile>
    <ClCompile Include="objects.cpp">
      <Filter>Source Files</Filter>
    </ClCompile>
    <ClCompile Include="shapes.cpp">
      <Filter>Source Files</Filter>
    </ClCompile>
    <ClCompile Include="furniture.cpp">
      <Filter>Source Files</Filter>
    </ClCompile>
    <ClCompile Include="food.cpp">
      <Filter>Source Files</Filter>
    </ClCompile>
    <ClCompile Include="decorations.cpp">
      <Filter>Source Files</Filter>
    </ClCompile>
    <ClCompile Include="exterior.cpp">
      <Filter>Source Files</Filter>
    </ClCompile>
    <ClCompile Include="camera.cpp">
      <Filter>Source Files</Filter>
    </ClCompile>
    <ClCompile Include="scene.cpp">
      <Filter>Source Files</Filter>
    </ClCompile>
    <ClCompile Include="lighting.cpp">
      <Filter>Source Files</Filter>
    </ClCompile>
    <ClCompile Include="shader.cpp">
      <Filter>Source Files</Filter>
    </ClCompile>
    <ClCompile Include="shadowmap.cpp">
      <Filter>Source Files</Filter>
    </ClCompile>
    <ClCompile Include="refraction.cpp">
      <Filter>Source Files</Filter>
    </ClCompile>
    <ClCompile Include="rtcore.cpp">
      <Filter>Source Files</Filter>
    </ClCompile>
    <ClCompile Include="rtscene.cpp">
      <Filter>Source Files</Filter>
    </ClCompile>
    <ClCompile Include="rtpass.cpp">
      <Filter>Source Files</Filter>
    </ClCompile>
    <ClCompile Include="game.cpp">
      <Filter>Source Files</Filter>
    </ClCompile>
  </ItemGroup>
  <ItemGroup>
    <ClInclude Include="shapes.h">
      <Filter>Header Files</Filter>
    </ClInclude>
    <ClInclude Include="texture.h">
      <Filter>Header Files</Filter>
    </ClInclude>
    <ClInclude Include="objects.h">
      <Filter>Header Files</Filter>
    </ClInclude>
    <ClInclude Include="furniture.h">
      <Filter>Header Files</Filter>
    </ClInclude>
    <ClInclude Include="food.h">
      <Filter>Header Files</Filter>
    </ClInclude>
    <ClInclude Include="decorations.h">
      <Filter>Header Files</Filter>
    </ClInclude>
    <ClInclude Include="exterior.h">
      <Filter>Header Files</Filter>
    </ClInclude>
    <ClInclude Include="camera.h">
      <Filter>Header Files</Filter>
    </ClInclude>
    <ClInclude Include="scene.h">
      <Filter>Header Files</Filter>
    </ClInclude>
    <ClInclude Include="lighting.h">
      <Filter>Header Files</Filter>
    </ClInclude>
    <ClInclude Include="shader.h">
      <Filter>Header Files</Filter>
    </ClInclude>
    <ClInclude Include="shadowmap.h">
      <Filter>Header Files</Filter>
    </ClInclude>
    <ClInclude Include="refraction.h">
      <Filter>Header Files</Filter>
    </ClInclude>
    <ClInclude Include="rtcore.h">
      <Filter>Header Files</Filter>
    </ClInclude>
    <ClInclude Include="rtscene.h">
      <Filter>Header Files</Filter>
    </ClInclude>
    <ClInclude Include="rtpass.h">
      <Filter>Header Files</Filter>
    </ClInclude>
    <ClInclude Include="game.h">
      <Filter>Header Files</Filter>
    </ClInclude>
  </ItemGroup>
  <ItemGroup>
    <None Include="packages.config" />
    <None Include="..\README.md" />
    <None Include="LIGHTING_IMPROVEMENTS.md" />
    <None Include="MATERIAL_QUICK_REFERENCE.md" />
    <None Include="VISUAL_CHANGES_GUIDE.md" />
    <None Include="IMPLEMENTATION_COMPLETE.md" />
    <None Include="CODE_CHANGES_DETAIL.md" />
    <None Include="RAY_TRACING_GUIDE.md" />
    <None Include="START_HERE.md" />
    <None Include="COMPLETION_CHECKLIST.md" />
    <None Include="LANTERN_UPGRADE.md" />
    <None Include="UI_CONTROLS_GUIDE.md" />
  </ItemGroup>
</Project>